
Microsoft Visual Studio Solution File, Format Version 12.00
# Visual Studio Version 17
VisualStudioVersion = 17.8.34330.188
MinimumVisualStudioVersion = 10.0.40219.1
Project("{9A19103F-16F7-4668-BE54-9A1E7A4F7556}") = "InventoryApp.Api", "InventoryApp.Api\InventoryApp.Api.csproj", "{A6ACD22D-21EC-4DA6-9772-0A7BD9069D67}"
EndProject
Project("{9A19103F-16F7-4668-BE54-9A1E7A4F7556}") = "InventoryApp.Api.Tests", "InventoryApp.Api.Tests\InventoryApp.Api.Tests.csproj", "{EA8F0EF7-736B-496E-8329-187A2148FBC0}"
EndProject
Global
	GlobalSection(SolutionConfigurationPlatforms) = preSolution
		Debug|Any CPU = Debug|Any CPU
		Release|Any CPU = Release|Any CPU
	EndGlobalSection
	GlobalSection(ProjectConfigurationPlatforms) = postSolution
		{A6ACD22D-21EC-4DA6-9772-0A7BD9069D67}.Debug|Any CPU.ActiveCfg = Debug|Any CPU
		{A6ACD22D-21EC-4DA6-9772-0A7BD9069D67}.Debug|Any CPU.Build.0 = Debug|Any CPU
		{A6ACD22D-21EC-4DA6-9772-0A7BD9069D67}.Release|Any CPU.ActiveCfg = Release|Any CPU
		{A6ACD22D-21EC-4DA6-9772-0A7BD9069D67}.Release|Any CPU.Build.0 = Release|Any CPU
		{EA8F0EF7-736B-496E-8329-187A2148FBC0}.Debug|Any CPU.ActiveCfg = Debug|Any CPU
		{EA8F0EF7-736B-496E-8329-187A2148FBC0}.Debug|Any CPU.Build.0 = Debug|Any CPU
		{EA8F0EF7-736B-496E-8329-187A2148FBC0}.Release|Any CPU.ActiveCfg = Release|Any CPU
		{EA8F0EF7-736B-496E-8329-187A2148FBC0}.Release|Any CPU.Build.0 = Release|Any CPU
	EndGlobalSection
	GlobalSection(SolutionProperties) = preSolution
		HideSolutionNode = FALSE
	EndGlobalSection
	GlobalSection(ExtensibilityGlobals) = postSolution
		SolutionGuid = {DE3D4887-2679-4CD3-844D-746D747B8709}
	EndGlobalSection
EndGlobal
